
Microsoft Visual Studio Solution File, Format Version 12.00
# Visual Studio Version 17
VisualStudioVersion = 17.7.34202.233
MinimumVisualStudioVersion = 10.0.40219.1
Project("{9A19103F-16F7-4668-BE54-9A1E7A4F7556}") = "ClientInventory", "ClientInventory\ClientInventory.csproj", "{D7AC1120-BA3A-4BDF-BE9E-2C4FAC372CAC}"
EndProject
Global
	GlobalSection(SolutionConfigurationPlatforms) = preSolution
		Debug|Any CPU = Debug|Any CPU
		Release|Any CPU = Release|Any CPU
	EndGlobalSection
	GlobalSection(ProjectConfigurationPlatforms) = postSolution
		{D7AC1120-BA3A-4BDF-BE9E-2C4FAC372CAC}.Debug|Any CPU.ActiveCfg = Debug|Any CPU
		{D7AC1120-BA3A-4BDF-BE9E-2C4FAC372CAC}.Debug|Any CPU.Build.0 = Debug|Any CPU
		{D7AC1120-BA3A-4BDF-BE9E-2C4FAC372CAC}.Release|Any CPU.ActiveCfg = Release|Any CPU
		{D7AC1120-BA3A-4BDF-BE9E-2C4FAC372CAC}.Release|Any CPU.Build.0 = Release|Any CPU
	EndGlobalSection
	GlobalSection(SolutionProperties) = preSolution
		HideSolutionNode = FALSE
	EndGlobalSection
	GlobalSection(ExtensibilityGlobals) = postSolution
		SolutionGuid = {41570A88-2CEA-4F95-91DC-4599C3F17457}
	EndGlobalSection
EndGlobal
